
Microsoft Visual Studio Solution File, Format Version 12.00
# Visual Studio 15
VisualStudioVersion = 15.0.28307.1401
MinimumVisualStudioVersion = 10.0.40219.1
Project("{8BC9CEB8-8B4A-11D0-8D11-00A0C91BC942}") = "0x00", "0x00\0x00.vcxproj", "{99D6DB83-68BA-42BB-8578-607CB3CB03DA}"
EndProject
Project("{8BC9CEB8-8B4A-11D0-8D11-00A0C91BC942}") = "0x02", "0x02\0x02.vcxproj", "{1E73E714-F0F7-4F70-BDB4-454999BF3F74}"
EndProject
Project("{8BC9CEB8-8B4A-11D0-8D11-00A0C91BC942}") = "0x01", "0x01\0x01.vcxproj", "{2C2EB9B3-CDD2-4C9C-A89D-B633001E7B83}"
EndProject
Project("{8BC9CEB8-8B4A-11D0-8D11-00A0C91BC942}") = "0x03", "0x03\0x03.vcxproj", "{56226507-594B-4ABB-8F77-E82B5984A374}"
EndProject
Project("{8BC9CEB8-8B4A-11D0-8D11-00A0C91BC942}") = "0x04", "0x04\0x04.vcxproj", "{36FAE14D-3AC1-4564-80C2-6B9E755A36E5}"
EndProject
Project("{8BC9CEB8-8B4A-11D0-8D11-00A0C91BC942}") = "0x05", "0x05\0x05.vcxproj", "{B7A1D025-AF4E-4585-9DD3-519D5CDDC5FB}"
EndProject
Project("{8BC9CEB8-8B4A-11D0-8D11-00A0C91BC942}") = "0x06", "0x06\0x06.vcxproj", "{C074C6F2-FE18-4856-966F-76286F8248D3}"
EndProject
Project("{8BC9CEB8-8B4A-11D0-8D11-00A0C91BC942}") = "0x07", "0x07\0x07.vcxproj", "{2B1C323F-911A-472B-840B-4D6EC7DEBBE7}"
EndProject
Project("{8BC9CEB8-8B4A-11D0-8D11-00A0C91BC942}") = "0x08", "0x08\0x08.vcxproj", "{E8D6672E-89AB-42C0-8B62-CC6821438E77}"
EndProject
Project("{8BC9CEB8-8B4A-11D0-8D11-00A0C91BC942}") = "0x09", "0x09\0x09.vcxproj", "{826E1ECC-5F97-41C9-8271-F88FF3164EEC}"
EndProject
Project("{8BC9CEB8-8B4A-11D0-8D11-00A0C91BC942}") = "0x0B", "0x0B\0x0B.vcxproj", "{51CB9749-68A3-403A-A516-66032FBB2AB7}"
EndProject
Project("{8BC9CEB8-8B4A-11D0-8D11-00A0C91BC942}") = "0x0C", "0x0C\0x0C.vcxproj", "{2B9DAFAF-645D-495A-BB96-6A6008BAFD6F}"
EndProject
Global
	GlobalSection(SolutionConfigurationPlatforms) = preSolution
		Debug|x64 = Debug|x64
		Debug|x86 = Debug|x86
		Release|x64 = Release|x64
		Release|x86 = Release|x86
	EndGlobalSection
	GlobalSection(ProjectConfigurationPlatforms) = postSolution
		{99D6DB83-68BA-42BB-8578-607CB3CB03DA}.Debug|x64.ActiveCfg = Debug|x64
		{99D6DB83-68BA-42BB-8578-607CB3CB03DA}.Debug|x64.Build.0 = Debug|x64
		{99D6DB83-68BA-42BB-8578-607CB3CB03DA}.Debug|x86.ActiveCfg = Debug|Win32
		{99D6DB83-68BA-42BB-8578-607CB3CB03DA}.Debug|x86.Build.0 = Debug|Win32
		{99D6DB83-68BA-42BB-8578-607CB3CB03DA}.Release|x64.ActiveCfg = Release|x64
		{99D6DB83-68BA-42BB-8578-607CB3CB03DA}.Release|x64.Build.0 = Release|x64
		{99D6DB83-68BA-42BB-8578-607CB3CB03DA}.Release|x86.ActiveCfg = Release|Win32
		{99D6DB83-68BA-42BB-8578-607CB3CB03DA}.Release|x86.Build.0 = Release|Win32
		{1E73E714-F0F7-4F70-BDB4-454999BF3F74}.Debug|x64.ActiveCfg = Debug|x64
		{1E73E714-F0F7-4F70-BDB4-454999BF3F74}.Debug|x64.Build.0 = Debug|x64
		{1E73E714-F0F7-4F70-BDB4-454999BF3F74}.Debug|x86.ActiveCfg = Debug|Win32
		{1E73E714-F0F7-4F70-BDB4-454999BF3F74}.Debug|x86.Build.0 = Debug|Win32
		{1E73E714-F0F7-4F70-BDB4-454999BF3F74}.Release|x64.ActiveCfg = Release|x64
		{1E73E714-F0F7-4F70-BDB4-454999BF3F74}.Release|x64.Build.0 = Release|x64
		{1E73E714-F0F7-4F70-BDB4-454999BF3F74}.Release|x86.ActiveCfg = Release|Win32
		{1E73E714-F0F7-4F70-BDB4-454999BF3F74}.Release|x86.Build.0 = Release|Win32
		{2C2EB9B3-CDD2-4C9C-A89D-B633001E7B83}.Debug|x64.ActiveCfg = Debug|x64
		{2C2EB9B3-CDD2-4C9C-A89D-B633001E7B83}.Debug|x64.Build.0 = Debug|x64
		{2C2EB9B3-CDD2-4C9C-A89D-B633001E7B83}.Debug|x86.ActiveCfg = Debug|Win32
		{2C2EB9B3-CDD2-4C9C-A89D-B633001E7B83}.Debug|x86.Build.0 = Debug|Win32
		{2C2EB9B3-CDD2-4C9C-A89D-B633001E7B83}.Release|x64.ActiveCfg = Release|x64
		{2C2EB9B3-CDD2-4C9C-A89D-B633001E7B83}.Release|x64.Build.0 = Release|x64
		{2C2EB9B3-CDD2-4C9C-A89D-B633001E7B83}.Release|x86.ActiveCfg = Release|Win32
		{2C2EB9B3-CDD2-4C9C-A89D-B633001E7B83}.Release|x86.Build.0 = Release|Win32
		{56226507-594B-4ABB-8F77-E82B5984A374}.Debug|x64.ActiveCfg = Debug|x64
		{56226507-594B-4ABB-8F77-E82B5984A374}.Debug|x64.Build.0 = Debug|x64
		{56226507-594B-4ABB-8F77-E82B5984A374}.Debug|x86.ActiveCfg = Debug|Win32
		{56226507-594B-4ABB-8F77-E82B5984A374}.Debug|x86.Build.0 = Debug|Win32
		{56226507-594B-4ABB-8F77-E82B5984A374}.Release|x64.ActiveCfg = Release|x64
		{56226507-594B-4ABB-8F77-E82B5984A374}.Release|x64.Build.0 = Release|x64
		{56226507-594B-4ABB-8F77-E82B5984A374}.Release|x86.ActiveCfg = Release|Win32
		{56226507-594B-4ABB-8F77-E82B5984A374}.Release|x86.Build.0 = Release|Win32
		{36FAE14D-3AC1-4564-80C2-6B9E755A36E5}.Debug|x64.ActiveCfg = Debug|x64
		{36FAE14D-3AC1-4564-80C2-6B9E755A36E5}.Debug|x64.Build.0 = Debug|x64
		{36FAE14D-3AC1-4564-80C2-6B9E755A36E5}.Debug|x86.ActiveCfg = Debug|Win32
		{36FAE14D-3AC1-4564-80C2-6B9E755A36E5}.Debug|x86.Build.0 = Debug|Win32
		{36FAE14D-3AC1-4564-80C2-6B9E755A36E5}.Release|x64.ActiveCfg = Release|x64
		{36FAE14D-3AC1-4564-80C2-6B9E755A36E5}.Release|x64.Build.0 = Release|x64
		{36FAE14D-3AC1-4564-80C2-6B9E755A36E5}.Release|x86.ActiveCfg = Release|Win32
		{36FAE14D-3AC1-4564-80C2-6B9E755A36E5}.Release|x86.Build.0 = Release|Win32
		{B7A1D025-AF4E-4585-9DD3-519D5CDDC5FB}.Debug|x64.ActiveCfg = Debug|x64
		{B7A1D025-AF4E-4585-9DD3-519D5CDDC5FB}.Debug|x64.Build.0 = Debug|x64
		{B7A1D025-AF4E-4585-9DD3-519D5CDDC5FB}.Debug|x86.ActiveCfg = Debug|Win32
		{B7A1D025-AF4E-4585-9DD3-519D5CDDC5FB}.Debug|x86.Build.0 = Debug|Win32
		{B7A1D025-AF4E-4585-9DD3-519D5CDDC5FB}.Release|x64.ActiveCfg = Release|x64
		{B7A1D025-AF4E-4585-9DD3-519D5CDDC5FB}.Release|x64.Build.0 = Release|x64
		{B7A1D025-AF4E-4585-9DD3-519D5CDDC5FB}.Release|x86.ActiveCfg = Release|Win32
		{B7A1D025-AF4E-4585-9DD3-519D5CDDC5FB}.Release|x86.Build.0 = Release|Win32
		{C074C6F2-FE18-4856-966F-76286F8248D3}.Debug|x64.ActiveCfg = Debug|x64
		{C074C6F2-FE18-4856-966F-76286F8248D3}.Debug|x64.Build.0 = Debug|x64
		{C074C6F2-FE18-4856-966F-76286F8248D3}.Debug|x86.ActiveCfg = Debug|Win32
		{C074C6F2-FE18-4856-966F-76286F8248D3}.Debug|x86.Build.0 = Debug|Win32
		{C074C6F2-FE18-4856-966F-76286F8248D3}.Release|x64.ActiveCfg = Release|x64
		{C074C6F2-FE18-4856-966F-76286F8248D3}.Release|x64.Build.0 = Release|x64
		{C074C6F2-FE18-4856-966F-76286F8248D3}.Release|x86.ActiveCfg = Release|Win32
		{C074C6F2-FE18-4856-966F-76286F8248D3}.Release|x86.Build.0 = Release|Win32
		{2B1C323F-911A-472B-840B-4D6EC7DEBBE7}.Debug|x64.ActiveCfg = Debug|x64
		{2B1C323F-911A-472B-840B-4D6EC7DEBBE7}.Debug|x64.Build.0 = Debug|x64
		{2B1C323F-911A-472B-840B-4D6EC7DEBBE7}.Debug|x86.ActiveCfg = Debug|Win32
		{2B1C323F-911A-472B-840B-4D6EC7DEBBE7}.Debug|x86.Build.0 = Debug|Win32
		{2B1C323F-911A-472B-840B-4D6EC7DEBBE7}.Release|x64.ActiveCfg = Release|x64
		{2B1C323F-911A-472B-840B-4D6EC7DEBBE7}.Release|x64.Build.0 = Release|x64
		{2B1C323F-911A-472B-840B-4D6EC7DEBBE7}.Release|x86.ActiveCfg = Release|Win32
		{2B1C323F-911A-472B-840B-4D6EC7DEBBE7}.Release|x86.Build.0 = Release|Win32
		{E8D6672E-89AB-42C0-8B62-CC6821438E77}.Debug|x64.ActiveCfg = Debug|x64
		{E8D6672E-89AB-42C0-8B62-CC6821438E77}.Debug|x64.Build.0 = Debug|x64
		{E8D6672E-89AB-42C0-8B62-CC6821438E77}.Debug|x86.ActiveCfg = Debug|Win32
		{E8D6672E-89AB-42C0-8B62-CC6821438E77}.Debug|x86.Build.0 = Debug|Win32
		{E8D6672E-89AB-42C0-8B62-CC6821438E77}.Release|x64.ActiveCfg = Release|x64
		{E8D6672E-89AB-42C0-8B62-CC6821438E77}.Release|x64.Build.0 = Release|x64
		{E8D6672E-89AB-42C0-8B62-CC6821438E77}.Release|x86.ActiveCfg = Release|Win32
		{E8D6672E-89AB-42C0-8B62-CC6821438E77}.Release|x86.Build.0 = Release|Win32
		{826E1ECC-5F97-41C9-8271-F88FF3164EEC}.Debug|x64.ActiveCfg = Debug|x64
		{826E1ECC-5F97-41C9-8271-F88FF3164EEC}.Debug|x64.Build.0 = Debug|x64
		{826E1ECC-5F97-41C9-8271-F88FF3164EEC}.Debug|x86.ActiveCfg = Debug|Win32
		{826E1ECC-5F97-41C9-8271-F88FF3164EEC}.Debug|x86.Build.0 = Debug|Win32
		{826E1ECC-5F97-41C9-8271-F88FF3164EEC}.Release|x64.ActiveCfg = Release|x64
		{826E1ECC-5F97-41C9-8271-F88FF3164EEC}.Release|x64.Build.0 = Release|x64
		{826E1ECC-5F97-41C9-8271-F88FF3164EEC}.Release|x86.ActiveCfg = Release|Win32
		{826E1ECC-5F97-41C9-8271-F88FF3164EEC}.Release|x86.Build.0 = Release|Win32
		{51CB9749-68A3-403A-A516-66032FBB2AB7}.Debug|x64.ActiveCfg = Debug|x64
		{51CB9749-68A3-403A-A516-66032FBB2AB7}.Debug|x64.Build.0 = Debug|x64
		{51CB9749-68A3-403A-A516-66032FBB2AB7}.Debug|x86.ActiveCfg = Debug|Win32
		{51CB9749-68A3-403A-A516-66032FBB2AB7}.Debug|x86.Build.0 = Debug|Win32
		{51CB9749-68A3-403A-A516-66032FBB2AB7}.Release|x64.ActiveCfg = Release|x64
		{51CB9749-68A3-403A-A516-66032FBB2AB7}.Release|x64.Build.0 = Release|x64
		{51CB9749-68A3-403A-A516-66032FBB2AB7}.Release|x86.ActiveCfg = Release|Win32
		{51CB9749-68A3-403A-A516-66032FBB2AB7}.Release|x86.Build.0 = Release|Win32
		{2B9DAFAF-645D-495A-BB96-6A6008BAFD6F}.Debug|x64.ActiveCfg = Debug|x64
		{2B9DAFAF-645D-495A-BB96-6A6008BAFD6F}.Debug|x64.Build.0 = Debug|x64
		{2B9DAFAF-645D-495A-BB96-6A6008BAFD6F}.Debug|x86.ActiveCfg = Debug|Win32
		{2B9DAFAF-645D-495A-BB96-6A6008BAFD6F}.Debug|x86.Build.0 = Debug|Win32
		{2B9DAFAF-645D-495A-BB96-6A6008BAFD6F}.Release|x64.ActiveCfg = Release|x64
		{2B9DAFAF-645D-495A-BB96-6A6008BAFD6F}.Release|x64.Build.0 = Release|x64
		{2B9DAFAF-645D-495A-BB96-6A6008BAFD6F}.Release|x86.ActiveCfg = Release|Win32
		{2B9DAFAF-645D-495A-BB96-6A6008BAFD6F}.Release|x86.Build.0 = Release|Win32
	EndGlobalSection
	GlobalSection(SolutionProperties) = preSolution
		HideSolutionNode = FALSE
	EndGlobalSection
	GlobalSection(ExtensibilityGlobals) = postSolution
		SolutionGuid = {01217A06-9E73-4E79-A97D-607F7664F901}
	EndGlobalSection
EndGlobal
